# THIS IS AN AUTOGENERATED FILE. DO NOT EDIT THIS FILE DIRECTLY.
# yarn lockfile v1


"@rails/actioncable@^7.0.8":
  version "7.0.8"
  resolved "https://registry.npmjs.org/@rails/actioncable/-/actioncable-7.0.8.tgz"
  integrity sha512-GjYQv89ZOOfbFw8VMNUOG33GXzyAA/TCVoD+742Ob4svm1XXUkd+w+ewqUXd+7VHQtV35y1/O78AGIPeJDTy/g==

"@types/rails__actioncable@^6.1.7":
  version "6.1.7"
  resolved "https://registry.npmjs.org/@types/rails__actioncable/-/rails__actioncable-6.1.7.tgz"
  integrity sha512-nxq6lV17/kf+KTgJtoTSV07fhqISs9pWhncel6Vh6Vjltiyc2pgVRJIdnSttwPjfXLdNTHzTyQkIUlluzq9p0w==
